// !$*UTF8*$!
{
	archiveVersion = 1;
	classes = {
	};
	objectVersion = 56;
	objects = {

/* Begin PBXFileReference section */
		492F2DA42D019176007DC150 /* 18. HTTP 상태 코드에 대해서 설명해주세요.md */ = {isa = PBXFileReference; lastKnownFileType = net.daringfireball.markdown; path = "18. HTTP 상태 코드에 대해서 설명해주세요.md"; sourceTree = "<group>"; };
		49648CCC2D22809400EDC9CC /* 20. PNG 파일이 어떻게 저장되고 구성되는지 설명해주세요..md */ = {isa = PBXFileReference; lastKnownFileType = net.daringfireball.markdown; path = "20. PNG 파일이 어떻게 저장되고 구성되는지 설명해주세요..md"; sourceTree = "<group>"; };
		498CEB762CF95C6F008289DA /* 09. iOS에서의 메모리 구조와 관리 방식에 대해 자세히 설명해주세요.md */ = {isa = PBXFileReference; lastKnownFileType = net.daringfireball.markdown; path = "09. iOS에서의 메모리 구조와 관리 방식에 대해 자세히 설명해주세요.md"; sourceTree = "<group>"; };
		498CEB772CF95C6F008289DA /* 06. 프로세스와 스레드의 차이점, 그리고 iOS에서의 프로세스와 스레드 관리 방법에 대해 설명해주세요.md */ = {isa = PBXFileReference; lastKnownFileType = net.daringfireball.markdown; path = "06. 프로세스와 스레드의 차이점, 그리고 iOS에서의 프로세스와 스레드 관리 방법에 대해 설명해주세요.md"; sourceTree = "<group>"; };
		498CEB782CF95C6F008289DA /* 10. 네트워크 프로토콜 스택과 iOS에서의 네트워크 통신 방식에 대해 설명해주세요.md */ = {isa = PBXFileReference; lastKnownFileType = net.daringfireball.markdown; path = "10. 네트워크 프로토콜 스택과 iOS에서의 네트워크 통신 방식에 대해 설명해주세요.md"; sourceTree = "<group>"; };
		498CEB792CF95C6F008289DA /* 08. iOS의 샌드박스(Sandbox) 개념과 역할, 그리고 앱 간 데이터 공유 방법에 대해 설명해주세요.md */ = {isa = PBXFileReference; lastKnownFileType = net.daringfireball.markdown; path = "08. iOS의 샌드박스(Sandbox) 개념과 역할, 그리고 앱 간 데이터 공유 방법에 대해 설명해주세요.md"; sourceTree = "<group>"; };
		498CEB7A2CF95C6F008289DA /* 07. 메모리 관리 기법 중 iOS에서 사용되는 방식과 그 특징에 대해 설명해주세요.md */ = {isa = PBXFileReference; lastKnownFileType = net.daringfireball.markdown; path = "07. 메모리 관리 기법 중 iOS에서 사용되는 방식과 그 특징에 대해 설명해주세요.md"; sourceTree = "<group>"; };
		498CEB7B2CF95C6F008289DA /* 02. 캐시 메모리의 개념과 역할에 대해 설명해주세요.md */ = {isa = PBXFileReference; lastKnownFileType = net.daringfireball.markdown; path = "02. 캐시 메모리의 개념과 역할에 대해 설명해주세요.md"; sourceTree = "<group>"; };
		498CEB7C2CF95C6F008289DA /* 01. 컴퓨터 시스템에서 CPU, RAM, 저장 장치의 역할과 이들이 어떻게 상호 작용하는지 설명해주세요.md */ = {isa = PBXFileReference; lastKnownFileType = net.daringfireball.markdown; path = "01. 컴퓨터 시스템에서 CPU, RAM, 저장 장치의 역할과 이들이 어떻게 상호 작용하는지 설명해주세요.md"; sourceTree = "<group>"; };
		498CEB7D2CF95C6F008289DA /* 05. 운영체제의 역할과 iOS의 운영체제 구조에 대해 설명해주세요.md */ = {isa = PBXFileReference; lastKnownFileType = net.daringfireball.markdown; path = "05. 운영체제의 역할과 iOS의 운영체제 구조에 대해 설명해주세요.md"; sourceTree = "<group>"; };
		498CEB7E2CF95C6F008289DA /* 11. HTTP와 HTTPS의 차이점, iOS에서의 보안 통신 방법.md */ = {isa = PBXFileReference; lastKnownFileType = net.daringfireball.markdown; path = "11. HTTP와 HTTPS의 차이점, iOS에서의 보안 통신 방법.md"; sourceTree = "<group>"; };
		498CEB7F2CF95C6F008289DA /* 03. CPU 아키텍처의 종류와 각 특징에 대해 설명해주세요.md */ = {isa = PBXFileReference; lastKnownFileType = net.daringfireball.markdown; path = "03. CPU 아키텍처의 종류와 각 특징에 대해 설명해주세요.md"; sourceTree = "<group>"; };
		498CEB802CF95C6F008289DA /* 04. iOS 기기에서 사용되는 AP(Application Processor)의 특징과 역할에 대해 설명해주세요..md */ = {isa = PBXFileReference; lastKnownFileType = net.daringfireball.markdown; path = "04. iOS 기기에서 사용되는 AP(Application Processor)의 특징과 역할에 대해 설명해주세요..md"; sourceTree = "<group>"; };
		49C806CE2D266B1D002367C1 /* 21. iOS에서 메모리 사이즈와 관련된 개념과 고려 사항에 대해 설명해주세요.md */ = {isa = PBXFileReference; lastKnownFileType = net.daringfireball.markdown; path = "21. iOS에서 메모리 사이즈와 관련된 개념과 고려 사항에 대해 설명해주세요.md"; sourceTree = "<group>"; };
		49E2745C2CD9D73E006EF826 /* 2. 운영체제의 역할과 iOS에서의 운영체제 구조에 대해 설명해주세요..md */ = {isa = PBXFileReference; lastKnownFileType = net.daringfireball.markdown; path = "2. 운영체제의 역할과 iOS에서의 운영체제 구조에 대해 설명해주세요..md"; sourceTree = "<group>"; };
		49E2745D2CD9D7EF006EF826 /* .gitignore */ = {isa = PBXFileReference; lastKnownFileType = text; path = .gitignore; sourceTree = "<group>"; };
		49E524792D2BAFFC008D6E37 /* 22. iOS 디바이스의 메모리 제약과 앱 메모리 제한에 대해 설명해주세요.md */ = {isa = PBXFileReference; lastKnownFileType = net.daringfireball.markdown; path = "22. iOS 디바이스의 메모리 제약과 앱 메모리 제한에 대해 설명해주세요.md"; sourceTree = "<group>"; };
		49F3734C2D310D8C00C111BB /* 23. 알고리즘의 시간 복잡도와 공간 복잡도의 개념, 그리고 빅오 표기법에 대해 설명해주세요.md */ = {isa = PBXFileReference; lastKnownFileType = net.daringfireball.markdown; path = "23. 알고리즘의 시간 복잡도와 공간 복잡도의 개념, 그리고 빅오 표기법에 대해 설명해주세요.md"; sourceTree = "<group>"; };
		A7108FB12CFAF565007C5555 /* 13. HTTP 프로토콜의 특징과 HTTP1.1과 HTTP2의 차이점을 설명해주세요.md */ = {isa = PBXFileReference; lastKnownFileType = net.daringfireball.markdown; path = "13. HTTP 프로토콜의 특징과 HTTP1.1과 HTTP2의 차이점을 설명해주세요.md"; sourceTree = "<group>"; };
		A723EA1C2CF9F1CE00F71AB1 /* 12. 컴퓨터 네트워킹에서 OSI 7계층 모델에 대해 설명해주세요.md */ = {isa = PBXFileReference; lastKnownFileType = net.daringfireball.markdown; path = "12. 컴퓨터 네트워킹에서 OSI 7계층 모델에 대해 설명해주세요.md"; sourceTree = "<group>"; };
		A73FA5692CFD28E500612548 /* 15. 소켓 통신에 대해 설명해주세요.md */ = {isa = PBXFileReference; lastKnownFileType = net.daringfireball.markdown; path = "15. 소켓 통신에 대해 설명해주세요.md"; sourceTree = "<group>"; };
		A73FA56A2CFF266900612548 /* 16. REST API와 iOS에서의 네트워크 요청 및 응답 처리 방법에 대해 설명해주세요.md */ = {isa = PBXFileReference; lastKnownFileType = net.daringfireball.markdown; path = "16. REST API와 iOS에서의 네트워크 요청 및 응답 처리 방법에 대해 설명해주세요.md"; sourceTree = "<group>"; };
		A73FA56B2D00974200612548 /* 17. REST API에서 HTTP 메서드들의 차이점을 설명해주세요.md */ = {isa = PBXFileReference; lastKnownFileType = net.daringfireball.markdown; path = "17. REST API에서 HTTP 메서드들의 차이점을 설명해주세요.md"; sourceTree = "<group>"; };
		A73FA56C2D12E90100612548 /* 19. iOS에서 이미지 파일 포맷(PNG, JPEG 등)과 각 포맷의 특징에 대해 설명해주세요.md */ = {isa = PBXFileReference; lastKnownFileType = net.daringfireball.markdown; path = "19. iOS에서 이미지 파일 포맷(PNG, JPEG 등)과 각 포맷의 특징에 대해 설명해주세요.md"; sourceTree = "<group>"; };
		A742CFDF2CFC5593000912F9 /* 14. TCP와 UDP의 특징과 차이점에 대해 설명해주세요.md */ = {isa = PBXFileReference; lastKnownFileType = net.daringfireball.markdown; path = "14. TCP와 UDP의 특징과 차이점에 대해 설명해주세요.md"; sourceTree = "<group>"; };
		A7A82E182CDAE044007D6FD4 /* 2. 운영체제의 역할과 iOS에서의 운영체제 구조에 대해 설명해주세요.md */ = {isa = PBXFileReference; lastKnownFileType = net.daringfireball.markdown; path = "2. 운영체제의 역할과 iOS에서의 운영체제 구조에 대해 설명해주세요.md"; sourceTree = "<group>"; };
		A7C9F3292CD25AD3004776C6 /* README.md */ = {isa = PBXFileReference; lastKnownFileType = net.daringfireball.markdown; path = README.md; sourceTree = "<group>"; };
		A7C9F32B2CD25B31004776C6 /* 1. 컴퓨터 구조와 관련하여 CPU, RAM, 저장장치의 역할과 상호 작용에 대해 설명해주세요..md */ = {isa = PBXFileReference; lastKnownFileType = net.daringfireball.markdown; path = "1. 컴퓨터 구조와 관련하여 CPU, RAM, 저장장치의 역할과 상호 작용에 대해 설명해주세요..md"; sourceTree = "<group>"; };
		A7C9F32D2CD25DF5004776C6 /* 마크다운.md */ = {isa = PBXFileReference; lastKnownFileType = net.daringfireball.markdown; path = "마크다운.md"; sourceTree = "<group>"; };
/* End PBXFileReference section */

/* Begin PBXGroup section */
		49E274672CD9DC94006EF826 /* 이전 질문 */ = {
			isa = PBXGroup;
			children = (
				A7C9F32B2CD25B31004776C6 /* 1. 컴퓨터 구조와 관련하여 CPU, RAM, 저장장치의 역할과 상호 작용에 대해 설명해주세요..md */,
				A7A82E182CDAE044007D6FD4 /* 2. 운영체제의 역할과 iOS에서의 운영체제 구조에 대해 설명해주세요.md */,
				49E2745C2CD9D73E006EF826 /* 2. 운영체제의 역할과 iOS에서의 운영체제 구조에 대해 설명해주세요..md */,
			);
			name = "이전 질문";
			path = "이전 질문";
			sourceTree = "<group>";
		};
		A7C9F3222CD25ABC004776C6 = {
			isa = PBXGroup;
			children = (
				A7C9F32C2CD25DE7004776C6 /* 참고 */,
				A7C9F32A2CD25AF3004776C6 /* 레벨 0. */,
				A7C9F3292CD25AD3004776C6 /* README.md */,
				49E2745D2CD9D7EF006EF826 /* .gitignore */,
			);
			sourceTree = "<group>";
		};
		A7C9F32A2CD25AF3004776C6 /* 레벨 0. */ = {
			isa = PBXGroup;
			children = (
				49E274672CD9DC94006EF826 /* 이전 질문 */,
				498CEB7C2CF95C6F008289DA /* 01. 컴퓨터 시스템에서 CPU, RAM, 저장 장치의 역할과 이들이 어떻게 상호 작용하는지 설명해주세요.md */,
				498CEB7B2CF95C6F008289DA /* 02. 캐시 메모리의 개념과 역할에 대해 설명해주세요.md */,
				498CEB7F2CF95C6F008289DA /* 03. CPU 아키텍처의 종류와 각 특징에 대해 설명해주세요.md */,
				498CEB802CF95C6F008289DA /* 04. iOS 기기에서 사용되는 AP(Application Processor)의 특징과 역할에 대해 설명해주세요..md */,
				498CEB7D2CF95C6F008289DA /* 05. 운영체제의 역할과 iOS의 운영체제 구조에 대해 설명해주세요.md */,
				498CEB772CF95C6F008289DA /* 06. 프로세스와 스레드의 차이점, 그리고 iOS에서의 프로세스와 스레드 관리 방법에 대해 설명해주세요.md */,
				498CEB7A2CF95C6F008289DA /* 07. 메모리 관리 기법 중 iOS에서 사용되는 방식과 그 특징에 대해 설명해주세요.md */,
				498CEB792CF95C6F008289DA /* 08. iOS의 샌드박스(Sandbox) 개념과 역할, 그리고 앱 간 데이터 공유 방법에 대해 설명해주세요.md */,
				498CEB762CF95C6F008289DA /* 09. iOS에서의 메모리 구조와 관리 방식에 대해 자세히 설명해주세요.md */,
				498CEB782CF95C6F008289DA /* 10. 네트워크 프로토콜 스택과 iOS에서의 네트워크 통신 방식에 대해 설명해주세요.md */,
				498CEB7E2CF95C6F008289DA /* 11. HTTP와 HTTPS의 차이점, iOS에서의 보안 통신 방법.md */,
				A723EA1C2CF9F1CE00F71AB1 /* 12. 컴퓨터 네트워킹에서 OSI 7계층 모델에 대해 설명해주세요.md */,
				A7108FB12CFAF565007C5555 /* 13. HTTP 프로토콜의 특징과 HTTP1.1과 HTTP2의 차이점을 설명해주세요.md */,
				A742CFDF2CFC5593000912F9 /* 14. TCP와 UDP의 특징과 차이점에 대해 설명해주세요.md */,
				A73FA5692CFD28E500612548 /* 15. 소켓 통신에 대해 설명해주세요.md */,
				A73FA56A2CFF266900612548 /* 16. REST API와 iOS에서의 네트워크 요청 및 응답 처리 방법에 대해 설명해주세요.md */,
				A73FA56B2D00974200612548 /* 17. REST API에서 HTTP 메서드들의 차이점을 설명해주세요.md */,
				492F2DA42D019176007DC150 /* 18. HTTP 상태 코드에 대해서 설명해주세요.md */,
				A73FA56C2D12E90100612548 /* 19. iOS에서 이미지 파일 포맷(PNG, JPEG 등)과 각 포맷의 특징에 대해 설명해주세요.md */,
				49648CCC2D22809400EDC9CC /* 20. PNG 파일이 어떻게 저장되고 구성되는지 설명해주세요..md */,
				49C806CE2D266B1D002367C1 /* 21. iOS에서 메모리 사이즈와 관련된 개념과 고려 사항에 대해 설명해주세요.md */,
				49E524792D2BAFFC008D6E37 /* 22. iOS 디바이스의 메모리 제약과 앱 메모리 제한에 대해 설명해주세요.md */,
				49F3734C2D310D8C00C111BB /* 23. 알고리즘의 시간 복잡도와 공간 복잡도의 개념, 그리고 빅오 표기법에 대해 설명해주세요.md */,
			);
			name = "레벨 0.";
			path = "레벨 0.";
			sourceTree = "<group>";
		};
		A7C9F32C2CD25DE7004776C6 /* 참고 */ = {
			isa = PBXGroup;
			children = (
				A7C9F32D2CD25DF5004776C6 /* 마크다운.md */,
			);
			name = "참고";
			path = "참고";
			sourceTree = "<group>";
		};
/* End PBXGroup section */

/* Begin PBXProject section */
		A7C9F3232CD25ABC004776C6 /* Project object */ = {
			isa = PBXProject;
			attributes = {
				BuildIndependentTargetsInParallel = 1;
				LastUpgradeCheck = 1540;
			};
			buildConfigurationList = A7C9F3262CD25ABC004776C6 /* Build configuration list for PBXProject "iOS_Interview_Questions" */;
			compatibilityVersion = "Xcode 14.0";
			developmentRegion = en;
			hasScannedForEncodings = 0;
			knownRegions = (
				en,
				Base,
			);
			mainGroup = A7C9F3222CD25ABC004776C6;
			projectDirPath = "";
			projectRoot = "";
			targets = (
			);
		};
/* End PBXProject section */

/* Begin XCBuildConfiguration section */
		A7C9F3272CD25ABC004776C6 /* Debug */ = {
			isa = XCBuildConfiguration;
			buildSettings = {
			};
			name = Debug;
		};
		A7C9F3282CD25ABC004776C6 /* Release */ = {
			isa = XCBuildConfiguration;
			buildSettings = {
			};
			name = Release;
		};
/* End XCBuildConfiguration section */

/* Begin XCConfigurationList section */
		A7C9F3262CD25ABC004776C6 /* Build configuration list for PBXProject "iOS_Interview_Questions" */ = {
			isa = XCConfigurationList;
			buildConfigurations = (
				A7C9F3272CD25ABC004776C6 /* Debug */,
				A7C9F3282CD25ABC004776C6 /* Release */,
			);
			defaultConfigurationIsVisible = 0;
			defaultConfigurationName = Release;
		};
/* End XCConfigurationList section */
	};
	rootObject = A7C9F3232CD25ABC004776C6 /* Project object */;
}
